
Microsoft Visual Studio Solution File, Format Version 12.00
# Visual Studio Version 17
VisualStudioVersion = 17.14.36310.24
MinimumVisualStudioVersion = 10.0.40219.1
Project("{FAE04EC0-301F-11D3-BF4B-00C04F79EFBC}") = "Infra", "Infra\Infra.csproj", "{5639209A-56A7-4289-8FE6-B94C536DCDC6}"
EndProject
Project("{FAE04EC0-301F-11D3-BF4B-00C04F79EFBC}") = "Application", "Application\Application.csproj", "{09978C1B-E57D-4D3A-8EAE-67015F5AAA1A}"
EndProject
Project("{FAE04EC0-301F-11D3-BF4B-00C04F79EFBC}") = "Api", "API\Api.csproj", "{CBFA08EA-AECE-205F-7B85-326FD0B81BAD}"
EndProject
Project("{FAE04EC0-301F-11D3-BF4B-00C04F79EFBC}") = "Domain", "Domain\Domain.csproj", "{E528BBC3-1C26-8C35-F682-23718816ADCD}"
EndProject
Project("{FAE04EC0-301F-11D3-BF4B-00C04F79EFBC}") = "SaaSTestProject", "SaaSTestProject\SaaSTestProject.csproj", "{A300E5E3-F4A1-4DEF-AD1A-0DAB883191C7}"
EndProject
Project("{2150E333-8FDC-42A3-9474-1A3956D46DE8}") = "items", "items", "{02EA681E-C7D8-13C7-8484-4AC65E1B71E8}"
	ProjectSection(SolutionItems) = preProject
		.env = .env
		exmaple.env = exmaple.env
	EndProjectSection
EndProject
Global
	GlobalSection(SolutionConfigurationPlatforms) = preSolution
		Debug|Any CPU = Debug|Any CPU
		Release|Any CPU = Release|Any CPU
	EndGlobalSection
	GlobalSection(ProjectConfigurationPlatforms) = postSolution
		{5639209A-56A7-4289-8FE6-B94C536DCDC6}.Debug|Any CPU.ActiveCfg = Debug|Any CPU
		{5639209A-56A7-4289-8FE6-B94C536DCDC6}.Debug|Any CPU.Build.0 = Debug|Any CPU
		{5639209A-56A7-4289-8FE6-B94C536DCDC6}.Release|Any CPU.ActiveCfg = Release|Any CPU
		{5639209A-56A7-4289-8FE6-B94C536DCDC6}.Release|Any CPU.Build.0 = Release|Any CPU
		{09978C1B-E57D-4D3A-8EAE-67015F5AAA1A}.Debug|Any CPU.ActiveCfg = Debug|Any CPU
		{09978C1B-E57D-4D3A-8EAE-67015F5AAA1A}.Debug|Any CPU.Build.0 = Debug|Any CPU
		{09978C1B-E57D-4D3A-8EAE-67015F5AAA1A}.Release|Any CPU.ActiveCfg = Release|Any CPU
		{09978C1B-E57D-4D3A-8EAE-67015F5AAA1A}.Release|Any CPU.Build.0 = Release|Any CPU
		{CBFA08EA-AECE-205F-7B85-326FD0B81BAD}.Debug|Any CPU.ActiveCfg = Debug|Any CPU
		{CBFA08EA-AECE-205F-7B85-326FD0B81BAD}.Debug|Any CPU.Build.0 = Debug|Any CPU
		{CBFA08EA-AECE-205F-7B85-326FD0B81BAD}.Release|Any CPU.ActiveCfg = Release|Any CPU
		{CBFA08EA-AECE-205F-7B85-326FD0B81BAD}.Release|Any CPU.Build.0 = Release|Any CPU
		{E528BBC3-1C26-8C35-F682-23718816ADCD}.Debug|Any CPU.ActiveCfg = Debug|Any CPU
		{E528BBC3-1C26-8C35-F682-23718816ADCD}.Debug|Any CPU.Build.0 = Debug|Any CPU
		{E528BBC3-1C26-8C35-F682-23718816ADCD}.Release|Any CPU.ActiveCfg = Release|Any CPU
		{E528BBC3-1C26-8C35-F682-23718816ADCD}.Release|Any CPU.Build.0 = Release|Any CPU
		{A300E5E3-F4A1-4DEF-AD1A-0DAB883191C7}.Debug|Any CPU.ActiveCfg = Debug|Any CPU
		{A300E5E3-F4A1-4DEF-AD1A-0DAB883191C7}.Debug|Any CPU.Build.0 = Debug|Any CPU
		{A300E5E3-F4A1-4DEF-AD1A-0DAB883191C7}.Release|Any CPU.ActiveCfg = Release|Any CPU
		{A300E5E3-F4A1-4DEF-AD1A-0DAB883191C7}.Release|Any CPU.Build.0 = Release|Any CPU
	EndGlobalSection
	GlobalSection(SolutionProperties) = preSolution
		HideSolutionNode = FALSE
	EndGlobalSection
	GlobalSection(ExtensibilityGlobals) = postSolution
		SolutionGuid = {A3B8A38A-0EE8-42B0-8313-3547212627AF}
	EndGlobalSection
EndGlobal
